{
  "lock_version": 1,
  "note": "Real sha256 of every file-backed lesson source. Paths are relative to the repository root unless marked skill-relative. Verify with: sha256sum -c <(bootstrap.lock entries) or recompute per pin.",
  "pins": [
    {
      "id": "G_n",
      "role": "long-guide",
      "path": "docs/designing_methodological_guides.md",
      "version": "repo",
      "sha256": "fbf338536f145cb7952d0832bd405d2870c8a53e64fb28cad6fac38e35d6bad1"
    },
    {
      "id": "M_n-engine-index",
      "role": "method-contract-engine",
      "path": "src/method-contract/index.ts",
      "version": "repo",
      "sha256": "33afd804b9a9873777cd9e599a5aba621f68354b2cd84b652703c29c1fd3b362"
    },
    {
      "id": "M_n-engine-schemas",
      "role": "method-contract-engine",
      "path": "src/method-contract/schemas.ts",
      "version": "repo",
      "sha256": "eb0c85ffc929c23e63b6b43e44ed23c9404dadc7acdadb51e2ab3adb4d52398a"
    },
    {
      "id": "M_n-engine-types",
      "role": "method-contract-engine",
      "path": "src/method-contract/types.ts",
      "version": "repo",
      "sha256": "80ea7d236cece329c454d03e9e896ed5b897a5fae6bcbd40b399ce1af46bd5b2"
    },
    {
      "id": "M_n-engine-validator",
      "role": "method-contract-engine",
      "path": "src/method-contract/validator.ts",
      "version": "repo",
      "sha256": "77be3ed5abebaeb07e2c6d55542eff24b64e6aa7bc3ae17a9f2b78cbb9fc5e63"
    }
  ],
  "engine_resolved_pins": [
    {
      "id": "M_n-contract-id",
      "role": "method-contract",
      "value": "methodological-guide-authoring@1.0.0-draft (sha256:methodological-guide-authoring-v1)",
      "note": "The compact Method Contract has no content file; it is resolved and validated by the pinned engine above."
    }
  ]
}
